
Microsoft Visual Studio Solution File, Format Version 12.00
# Visual Studio Version 16
VisualStudioVersion = 16.0.30907.101
MinimumVisualStudioVersion = 10.0.40219.1
Project("{FAE04EC0-301F-11D3-BF4B-00C04F79EFBC}") = "Registro_De_Permisos", "Registro_De_Permisos\Registro_De_Permisos.csproj", "{F78064FB-670C-4FD2-B254-D68DFF6A219D}"
EndProject
Global
	GlobalSection(SolutionConfigurationPlatforms) = preSolution
		Debug|Any CPU = Debug|Any CPU
		Release|Any CPU = Release|Any CPU
	EndGlobalSection
	GlobalSection(ProjectConfigurationPlatforms) = postSolution
		{F78064FB-670C-4FD2-B254-D68DFF6A219D}.Debug|Any CPU.ActiveCfg = Debug|Any CPU
		{F78064FB-670C-4FD2-B254-D68DFF6A219D}.Debug|Any CPU.Build.0 = Debug|Any CPU
		{F78064FB-670C-4FD2-B254-D68DFF6A219D}.Release|Any CPU.ActiveCfg = Release|Any CPU
		{F78064FB-670C-4FD2-B254-D68DFF6A219D}.Release|Any CPU.Build.0 = Release|Any CPU
	EndGlobalSection
	GlobalSection(SolutionProperties) = preSolution
		HideSolutionNode = FALSE
	EndGlobalSection
	GlobalSection(ExtensibilityGlobals) = postSolution
		SolutionGuid = {0A71807A-8443-4A5C-B602-F1805A6E9EF8}
	EndGlobalSection
EndGlobal
